{
  "version": 4,
  "terraform_version": "1.8.1",
  "serial": 9,
  "lineage": "156492ef-825b-80fb-f36e-7fbed84f7f76",
  "outputs": {},
  "resources": [
    {
      "mode": "managed",
      "type": "google_compute_backend_service",
      "name": "default",
      "provider": "provider[\"registry.terraform.io/hashicorp/google\"]",
      "instances": [
        {
          "schema_version": 1,
          "attributes": {
            "affinity_cookie_ttl_sec": 0,
            "backend": [
              {
                "balancing_mode": "UTILIZATION",
                "capacity_scaler": 1,
                "description": "",
                "group": "https://www.googleapis.com/compute/v1/projects/playground-s-11-820004d7/zones/us-east1-b/instanceGroups/lb-backend-example",
                "max_connections": 0,
                "max_connections_per_endpoint": 0,
                "max_connections_per_instance": 0,
                "max_rate": 0,
                "max_rate_per_endpoint": 0,
                "max_rate_per_instance": 0,
                "max_utilization": 0
              }
            ],
            "cdn_policy": [],
            "circuit_breakers": [],
            "compression_mode": "",
            "connection_draining_timeout_sec": 0,
            "consistent_hash": [],
            "creation_timestamp": "2024-04-28T06:31:06.957-07:00",
            "custom_request_headers": null,
            "custom_response_headers": null,
            "description": "",
            "edge_security_policy": "",
            "enable_cdn": false,
            "fingerprint": "YXV5C11Km3E=",
            "generated_id": 6902180419643634037,
            "health_checks": [
              "projects/playground-s-11-820004d7/global/healthChecks/http-basic-check"
            ],
            "iap": [],
            "id": "projects/playground-s-11-820004d7/global/backendServices/web-backend-service",
            "load_balancing_scheme": "EXTERNAL_MANAGED",
            "locality_lb_policies": [],
            "locality_lb_policy": "",
            "log_config": [],
            "name": "web-backend-service",
            "outlier_detection": [],
            "port_name": "http",
            "project": "playground-s-11-820004d7",
            "protocol": "HTTP",
            "security_policy": "",
            "security_settings": [],
            "self_link": "https://www.googleapis.com/compute/v1/projects/playground-s-11-820004d7/global/backendServices/web-backend-service",
            "session_affinity": "NONE",
            "timeout_sec": 30,
            "timeouts": null
          },
          "sensitive_attributes": [],
          "private": "eyJlMmJmYjczMC1lY2FhLTExZTYtOGY4OC0zNDM2M2JjN2M0YzAiOnsiY3JlYXRlIjoxMjAwMDAwMDAwMDAwLCJkZWxldGUiOjEyMDAwMDAwMDAwMDAsInVwZGF0ZSI6MTIwMDAwMDAwMDAwMH0sInNjaGVtYV92ZXJzaW9uIjoiMSJ9",
          "dependencies": [
            "google_compute_health_check.default",
            "google_compute_instance_group_manager.default",
            "google_compute_instance_template.default"
          ]
        }
      ]
    },
    {
      "mode": "managed",
      "type": "google_compute_firewall",
      "name": "default",
      "provider": "provider[\"registry.terraform.io/hashicorp/google\"]",
      "instances": [
        {
          "schema_version": 1,
          "attributes": {
            "allow": [
              {
                "ports": [
                  "80"
                ],
                "protocol": "tcp"
              }
            ],
            "creation_timestamp": "2024-04-28T06:30:18.065-07:00",
            "deny": [],
            "description": "",
            "destination_ranges": [],
            "direction": "INGRESS",
            "disabled": false,
            "enable_logging": null,
            "id": "projects/playground-s-11-820004d7/global/firewalls/fw-allow-health-check",
            "log_config": [],
            "name": "fw-allow-health-check",
            "network": "https://www.googleapis.com/compute/v1/projects/playground-s-11-820004d7/global/networks/default",
            "priority": 1000,
            "project": "playground-s-11-820004d7",
            "self_link": "https://www.googleapis.com/compute/v1/projects/playground-s-11-820004d7/global/firewalls/fw-allow-health-check",
            "source_ranges": [
              "130.211.0.0/22",
              "35.191.0.0/16"
            ],
            "source_service_accounts": null,
            "source_tags": null,
            "target_service_accounts": null,
            "target_tags": [
              "allow-health-check"
            ],
            "timeouts": null
          },
          "sensitive_attributes": [],
          "private": "eyJlMmJmYjczMC1lY2FhLTExZTYtOGY4OC0zNDM2M2JjN2M0YzAiOnsiY3JlYXRlIjoxMjAwMDAwMDAwMDAwLCJkZWxldGUiOjEyMDAwMDAwMDAwMDAsInVwZGF0ZSI6MTIwMDAwMDAwMDAwMH0sInNjaGVtYV92ZXJzaW9uIjoiMSJ9"
        }
      ]
    },
    {
      "mode": "managed",
      "type": "google_compute_global_address",
      "name": "default",
      "provider": "provider[\"registry.terraform.io/hashicorp/google\"]",
      "instances": [
        {
          "schema_version": 0,
          "attributes": {
            "address": "34.160.34.251",
            "address_type": "EXTERNAL",
            "creation_timestamp": "2024-04-28T06:30:18.007-07:00",
            "description": "",
            "id": "projects/playground-s-11-820004d7/global/addresses/lb-ipv4-1",
            "ip_version": "",
            "name": "lb-ipv4-1",
            "network": "",
            "prefix_length": 0,
            "project": "playground-s-11-820004d7",
            "purpose": "",
            "self_link": "https://www.googleapis.com/compute/v1/projects/playground-s-11-820004d7/global/addresses/lb-ipv4-1",
            "timeouts": null
          },
          "sensitive_attributes": [],
          "private": "eyJlMmJmYjczMC1lY2FhLTExZTYtOGY4OC0zNDM2M2JjN2M0YzAiOnsiY3JlYXRlIjoxMjAwMDAwMDAwMDAwLCJkZWxldGUiOjEyMDAwMDAwMDAwMDB9fQ=="
        }
      ]
    },
    {
      "mode": "managed",
      "type": "google_compute_global_forwarding_rule",
      "name": "default",
      "provider": "provider[\"registry.terraform.io/hashicorp/google\"]",
      "instances": [
        {
          "schema_version": 0,
          "attributes": {
            "base_forwarding_rule": "",
            "description": "",
            "effective_labels": {},
            "id": "projects/playground-s-11-820004d7/global/forwardingRules/http-content-rule",
            "ip_address": "34.160.34.251",
            "ip_protocol": "TCP",
            "ip_version": "",
            "label_fingerprint": "42WmSpB8rSM=",
            "labels": null,
            "load_balancing_scheme": "EXTERNAL_MANAGED",
            "metadata_filters": [],
            "name": "http-content-rule",
            "network": "",
            "no_automate_dns_zone": null,
            "port_range": "80-80",
            "project": "playground-s-11-820004d7",
            "psc_connection_id": "",
            "psc_connection_status": "",
            "self_link": "https://www.googleapis.com/compute/v1/projects/playground-s-11-820004d7/global/forwardingRules/http-content-rule",
            "service_directory_registrations": [],
            "source_ip_ranges": null,
            "subnetwork": "",
            "target": "https://www.googleapis.com/compute/v1/projects/playground-s-11-820004d7/global/targetHttpProxies/http-lb-proxy",
            "terraform_labels": {},
            "timeouts": null
          },
          "sensitive_attributes": [],
          "private": "eyJlMmJmYjczMC1lY2FhLTExZTYtOGY4OC0zNDM2M2JjN2M0YzAiOnsiY3JlYXRlIjoxMjAwMDAwMDAwMDAwLCJkZWxldGUiOjEyMDAwMDAwMDAwMDAsInVwZGF0ZSI6MTIwMDAwMDAwMDAwMH19",
          "dependencies": [
            "google_compute_backend_service.default",
            "google_compute_global_address.default",
            "google_compute_health_check.default",
            "google_compute_instance_group_manager.default",
            "google_compute_instance_template.default",
            "google_compute_target_http_proxy.default",
            "google_compute_url_map.default"
          ]
        }
      ]
    },
    {
      "mode": "managed",
      "type": "google_compute_health_check",
      "name": "default",
      "provider": "provider[\"registry.terraform.io/hashicorp/google\"]",
      "instances": [
        {
          "schema_version": 0,
          "attributes": {
            "check_interval_sec": 5,
            "creation_timestamp": "2024-04-28T06:30:17.964-07:00",
            "description": "",
            "grpc_health_check": [],
            "healthy_threshold": 2,
            "http2_health_check": [],
            "http_health_check": [
              {
                "host": "",
                "port": 80,
                "port_name": "",
                "port_specification": "USE_FIXED_PORT",
                "proxy_header": "NONE",
                "request_path": "/",
                "response": ""
              }
            ],
            "https_health_check": [],
            "id": "projects/playground-s-11-820004d7/global/healthChecks/http-basic-check",
            "log_config": [
              {
                "enable": false
              }
            ],
            "name": "http-basic-check",
            "project": "playground-s-11-820004d7",
            "self_link": "https://www.googleapis.com/compute/v1/projects/playground-s-11-820004d7/global/healthChecks/http-basic-check",
            "ssl_health_check": [],
            "tcp_health_check": [],
            "timeout_sec": 5,
            "timeouts": null,
            "type": "HTTP",
            "unhealthy_threshold": 2
          },
          "sensitive_attributes": [],
          "private": "eyJlMmJmYjczMC1lY2FhLTExZTYtOGY4OC0zNDM2M2JjN2M0YzAiOnsiY3JlYXRlIjoxMjAwMDAwMDAwMDAwLCJkZWxldGUiOjEyMDAwMDAwMDAwMDAsInVwZGF0ZSI6MTIwMDAwMDAwMDAwMH19"
        }
      ]
    },
    {
      "mode": "managed",
      "type": "google_compute_instance_group_manager",
      "name": "default",
      "provider": "provider[\"registry.terraform.io/hashicorp/google\"]",
      "instances": [
        {
          "schema_version": 0,
          "attributes": {
            "all_instances_config": [],
            "auto_healing_policies": [],
            "base_instance_name": "vm",
            "creation_timestamp": "2024-04-28T06:30:32.339-07:00",
            "description": "",
            "fingerprint": "qf_mT9gOg90=",
            "id": "projects/playground-s-11-820004d7/zones/us-east1-b/instanceGroupManagers/lb-backend-example",
            "instance_group": "https://www.googleapis.com/compute/v1/projects/playground-s-11-820004d7/zones/us-east1-b/instanceGroups/lb-backend-example",
            "instance_lifecycle_policy": [
              {
                "default_action_on_failure": "REPAIR",
                "force_update_on_repair": "NO"
              }
            ],
            "list_managed_instances_results": "PAGELESS",
            "name": "lb-backend-example",
            "named_port": [
              {
                "name": "http",
                "port": 80
              }
            ],
            "operation": null,
            "project": "playground-s-11-820004d7",
            "self_link": "https://www.googleapis.com/compute/v1/projects/playground-s-11-820004d7/zones/us-east1-b/instanceGroupManagers/lb-backend-example",
            "stateful_disk": [],
            "stateful_external_ip": [],
            "stateful_internal_ip": [],
            "status": [
              {
                "all_instances_config": [
                  {
                    "current_revision": "",
                    "effective": true
                  }
                ],
                "is_stable": false,
                "stateful": [
                  {
                    "has_stateful_config": false,
                    "per_instance_configs": [
                      {
                        "all_effective": true
                      }
                    ]
                  }
                ],
                "version_target": [
                  {
                    "is_reached": true
                  }
                ]
              }
            ],
            "target_pools": null,
            "target_size": 2,
            "timeouts": null,
            "update_policy": [
              {
                "max_surge_fixed": 1,
                "max_surge_percent": 0,
                "max_unavailable_fixed": 1,
                "max_unavailable_percent": 0,
                "minimal_action": "REPLACE",
                "most_disruptive_allowed_action": "",
                "replacement_method": "SUBSTITUTE",
                "type": "OPPORTUNISTIC"
              }
            ],
            "version": [
              {
                "instance_template": "https://www.googleapis.com/compute/v1/projects/playground-s-11-820004d7/global/instanceTemplates/lb-backend-template",
                "name": "primary",
                "target_size": []
              }
            ],
            "wait_for_instances": false,
            "wait_for_instances_status": "STABLE",
            "zone": "us-east1-b"
          },
          "sensitive_attributes": [],
          "private": "eyJlMmJmYjczMC1lY2FhLTExZTYtOGY4OC0zNDM2M2JjN2M0YzAiOnsiY3JlYXRlIjo5MDAwMDAwMDAwMDAsImRlbGV0ZSI6OTAwMDAwMDAwMDAwLCJ1cGRhdGUiOjkwMDAwMDAwMDAwMH19",
          "dependencies": [
            "google_compute_instance_template.default"
          ]
        }
      ]
    },
    {
      "mode": "managed",
      "type": "google_compute_instance_template",
      "name": "default",
      "provider": "provider[\"registry.terraform.io/hashicorp/google\"]",
      "instances": [
        {
          "schema_version": 1,
          "attributes": {
            "advanced_machine_features": [],
            "can_ip_forward": false,
            "confidential_instance_config": null,
            "description": "",
            "disk": [
              {
                "auto_delete": true,
                "boot": true,
                "device_name": "persistent-disk-0",
                "disk_encryption_key": [],
                "disk_name": "",
                "disk_size_gb": 0,
                "disk_type": "pd-standard",
                "interface": "SCSI",
                "labels": null,
                "mode": "READ_WRITE",
                "provisioned_iops": 0,
                "resource_manager_tags": null,
                "resource_policies": null,
                "source": "",
                "source_image": "projects/debian-cloud/global/images/family/debian-11",
                "source_image_encryption_key": [],
                "source_snapshot": "",
                "source_snapshot_encryption_key": [],
                "type": "PERSISTENT"
              }
            ],
            "effective_labels": {
              "managed-by-cnrm": "true"
            },
            "guest_accelerator": [],
            "id": "projects/playground-s-11-820004d7/global/instanceTemplates/lb-backend-template",
            "instance_description": "",
            "labels": {
              "managed-by-cnrm": "true"
            },
            "machine_type": "n1-standard-1",
            "metadata": {
              "startup-script": "#! /bin/bash\n     sudo apt-get update\n     sudo apt-get install apache2 -y\n     sudo a2ensite default-ssl\n     sudo a2enmod ssl\n     vm_hostname=\"$(curl -H \"Metadata-Flavor:Google\" \\\n   http://169.254.169.254/computeMetadata/v1/instance/name)\"\n   sudo echo \"Page served from: $vm_hostname\" | \\\n   tee /var/www/html/index.html\n   sudo systemctl restart apache2"
            },
            "metadata_fingerprint": "BSWtuVRZLqk=",
            "metadata_startup_script": null,
            "min_cpu_platform": "",
            "name": "lb-backend-template",
            "name_prefix": null,
            "network_interface": [
              {
                "access_config": [
                  {
                    "nat_ip": "",
                    "network_tier": "PREMIUM",
                    "public_ptr_domain_name": ""
                  }
                ],
                "alias_ip_range": [],
                "internal_ipv6_prefix_length": 0,
                "ipv6_access_config": [],
                "ipv6_access_type": "",
                "ipv6_address": "",
                "name": "nic0",
                "network": "https://www.googleapis.com/compute/v1/projects/playground-s-11-820004d7/global/networks/default",
                "network_ip": "",
                "nic_type": "",
                "queue_count": 0,
                "stack_type": "",
                "subnetwork": "https://www.googleapis.com/compute/v1/projects/playground-s-11-820004d7/regions/us-east1/subnetworks/default",
                "subnetwork_project": "playground-s-11-820004d7"
              }
            ],
            "network_performance_config": [],
            "project": "playground-s-11-820004d7",
            "region": "us-east1",
            "reservation_affinity": [],
            "resource_manager_tags": null,
            "resource_policies": null,
            "scheduling": [
              {
                "automatic_restart": true,
                "instance_termination_action": "",
                "local_ssd_recovery_timeout": [],
                "min_node_cpus": 0,
                "node_affinities": [],
                "on_host_maintenance": "MIGRATE",
                "preemptible": false,
                "provisioning_model": "STANDARD"
              }
            ],
            "self_link": "https://www.googleapis.com/compute/v1/projects/playground-s-11-820004d7/global/instanceTemplates/lb-backend-template",
            "self_link_unique": "https://www.googleapis.com/compute/v1/projects/playground-s-11-820004d7/global/instanceTemplates/lb-backend-template?uniqueId=3442073341996036486",
            "service_account": [
              {
                "email": "default",
                "scopes": [
                  "https://www.googleapis.com/auth/devstorage.read_only",
                  "https://www.googleapis.com/auth/logging.write",
                  "https://www.googleapis.com/auth/monitoring.write",
                  "https://www.googleapis.com/auth/pubsub",
                  "https://www.googleapis.com/auth/service.management.readonly",
                  "https://www.googleapis.com/auth/servicecontrol",
                  "https://www.googleapis.com/auth/trace.append"
                ]
              }
            ],
            "shielded_instance_config": [],
            "tags": [
              "allow-health-check"
            ],
            "tags_fingerprint": "",
            "terraform_labels": {
              "managed-by-cnrm": "true"
            },
            "timeouts": null
          },
          "sensitive_attributes": [],
          "private": "eyJlMmJmYjczMC1lY2FhLTExZTYtOGY4OC0zNDM2M2JjN2M0YzAiOnsiY3JlYXRlIjoyNDAwMDAwMDAwMDAsImRlbGV0ZSI6MjQwMDAwMDAwMDAwfSwic2NoZW1hX3ZlcnNpb24iOiIxIn0="
        }
      ]
    },
    {
      "mode": "managed",
      "type": "google_compute_target_http_proxy",
      "name": "default",
      "provider": "provider[\"registry.terraform.io/hashicorp/google\"]",
      "instances": [
        {
          "schema_version": 0,
          "attributes": {
            "creation_timestamp": "2024-04-28T06:31:52.760-07:00",
            "description": "",
            "http_keep_alive_timeout_sec": 0,
            "id": "projects/playground-s-11-820004d7/global/targetHttpProxies/http-lb-proxy",
            "name": "http-lb-proxy",
            "project": "playground-s-11-820004d7",
            "proxy_bind": false,
            "proxy_id": 4990563945904599335,
            "self_link": "https://www.googleapis.com/compute/v1/projects/playground-s-11-820004d7/global/targetHttpProxies/http-lb-proxy",
            "timeouts": null,
            "url_map": "https://www.googleapis.com/compute/v1/projects/playground-s-11-820004d7/global/urlMaps/web-map-http"
          },
          "sensitive_attributes": [],
          "private": "eyJlMmJmYjczMC1lY2FhLTExZTYtOGY4OC0zNDM2M2JjN2M0YzAiOnsiY3JlYXRlIjoxMjAwMDAwMDAwMDAwLCJkZWxldGUiOjEyMDAwMDAwMDAwMDAsInVwZGF0ZSI6MTIwMDAwMDAwMDAwMH19",
          "dependencies": [
            "google_compute_backend_service.default",
            "google_compute_health_check.default",
            "google_compute_instance_group_manager.default",
            "google_compute_instance_template.default",
            "google_compute_url_map.default"
          ]
        }
      ]
    },
    {
      "mode": "managed",
      "type": "google_compute_url_map",
      "name": "default",
      "provider": "provider[\"registry.terraform.io/hashicorp/google\"]",
      "instances": [
        {
          "schema_version": 0,
          "attributes": {
            "creation_timestamp": "2024-04-28T06:31:40.838-07:00",
            "default_route_action": [],
            "default_service": "https://www.googleapis.com/compute/v1/projects/playground-s-11-820004d7/global/backendServices/web-backend-service",
            "default_url_redirect": [],
            "description": "",
            "fingerprint": "E0WMtJijY54=",
            "header_action": [],
            "host_rule": [],
            "id": "projects/playground-s-11-820004d7/global/urlMaps/web-map-http",
            "map_id": 3644520439423955283,
            "name": "web-map-http",
            "path_matcher": [],
            "project": "playground-s-11-820004d7",
            "self_link": "https://www.googleapis.com/compute/v1/projects/playground-s-11-820004d7/global/urlMaps/web-map-http",
            "test": [],
            "timeouts": null
          },
          "sensitive_attributes": [],
          "private": "eyJlMmJmYjczMC1lY2FhLTExZTYtOGY4OC0zNDM2M2JjN2M0YzAiOnsiY3JlYXRlIjoxMjAwMDAwMDAwMDAwLCJkZWxldGUiOjEyMDAwMDAwMDAwMDAsInVwZGF0ZSI6MTIwMDAwMDAwMDAwMH19",
          "dependencies": [
            "google_compute_backend_service.default",
            "google_compute_health_check.default",
            "google_compute_instance_group_manager.default",
            "google_compute_instance_template.default"
          ]
        }
      ]
    }
  ],
  "check_results": null
}
